
Microsoft Visual Studio Solution File, Format Version 12.00
# Visual Studio Version 16
VisualStudioVersion = 16.0.31205.134
MinimumVisualStudioVersion = 10.0.40219.1
Project("{FAE04EC0-301F-11D3-BF4B-00C04F79EFBC}") = "MvcCv", "MvcCv\MvcCv.csproj", "{6A08E14A-8456-444F-9C7A-9F8C7694644A}"
EndProject
Global
	GlobalSection(SolutionConfigurationPlatforms) = preSolution
		Debug|Any CPU = Debug|Any CPU
		Release|Any CPU = Release|Any CPU
	EndGlobalSection
	GlobalSection(ProjectConfigurationPlatforms) = postSolution
		{6A08E14A-8456-444F-9C7A-9F8C7694644A}.Debug|Any CPU.ActiveCfg = Debug|Any CPU
		{6A08E14A-8456-444F-9C7A-9F8C7694644A}.Debug|Any CPU.Build.0 = Debug|Any CPU
		{6A08E14A-8456-444F-9C7A-9F8C7694644A}.Release|Any CPU.ActiveCfg = Release|Any CPU
		{6A08E14A-8456-444F-9C7A-9F8C7694644A}.Release|Any CPU.Build.0 = Release|Any CPU
	EndGlobalSection
	GlobalSection(SolutionProperties) = preSolution
		HideSolutionNode = FALSE
	EndGlobalSection
	GlobalSection(ExtensibilityGlobals) = postSolution
		SolutionGuid = {7536DF23-7618-43E7-A428-9F7A90EAE307}
	EndGlobalSection
EndGlobal
